{
  "name": "BlogPapers",
  "lockfileVersion": 3,
  "requires": true,
  "packages": {
    "": {
      "dependencies": {
        "heti": "^0.9.6"
      }
    },
    "node_modules/heti": {
      "version": "0.9.6",
      "resolved": "https://registry.antgroup-inc.cn/heti/-/heti-0.9.6.tgz",
      "integrity": "sha512-HdfW9QENMp0j54mgrRqEMJ4oa9CmhvrbRk9ijr1IGqxCmVa8Z8ENftHowCSSC2unAL+Qbglu8k8OLneuNV0jeQ==",
      "license": "MIT",
      "dependencies": {
        "heti-findandreplacedomtext": "^0.5.0"
      }
    },
    "node_modules/heti-findandreplacedomtext": {
      "version": "0.5.0",
      "resolved": "https://registry.antgroup-inc.cn/heti-findandreplacedomtext/-/heti-findandreplacedomtext-0.5.0.tgz",
      "integrity": "sha512-GFZjqU8LAdu1uR72GqrReI+lzNLMlcWtvdz1TKNJiofyo1mfTecFYSZEoEbcLcRMl+KwEldnNQoS4BwO8wtg0A==",
      "license": "unlicense"
    }
  }
}
